// !$*UTF8*$!
{
	archiveVersion = 1;
	classes = {
	};
	objectVersion = 56;
	objects = {

/* Begin PBXBuildFile section */
		8840E8DA2BD9A8D600323663 /* alternovaCoreDataTestApp.swift in Sources */ = {isa = PBXBuildFile; fileRef = 8840E8D92BD9A8D600323663 /* alternovaCoreDataTestApp.swift */; };
		8840E8DC2BD9A8D600323663 /* ContentView.swift in Sources */ = {isa = PBXBuildFile; fileRef = 8840E8DB2BD9A8D600323663 /* ContentView.swift */; };
		8840E8DE2BD9A8D800323663 /* Assets.xcassets in Resources */ = {isa = PBXBuildFile; fileRef = 8840E8DD2BD9A8D800323663 /* Assets.xcassets */; };
		8840E8E12BD9A8D800323663 /* Preview Assets.xcassets in Resources */ = {isa = PBXBuildFile; fileRef = 8840E8E02BD9A8D800323663 /* Preview Assets.xcassets */; };
		8840E8E32BD9A8D800323663 /* Persistence.swift in Sources */ = {isa = PBXBuildFile; fileRef = 8840E8E22BD9A8D800323663 /* Persistence.swift */; };
		8840E8E62BD9A8D800323663 /* alternovaCoreDataTest.xcdatamodeld in Sources */ = {isa = PBXBuildFile; fileRef = 8840E8E42BD9A8D800323663 /* alternovaCoreDataTest.xcdatamodeld */; };
		8840E8F02BD9A8D900323663 /* alternovaCoreDataTestTests.swift in Sources */ = {isa = PBXBuildFile; fileRef = 8840E8EF2BD9A8D900323663 /* alternovaCoreDataTestTests.swift */; };
		8840E8FA2BD9A8D900323663 /* alternovaCoreDataTestUITests.swift in Sources */ = {isa = PBXBuildFile; fileRef = 8840E8F92BD9A8D900323663 /* alternovaCoreDataTestUITests.swift */; };
		8840E8FC2BD9A8D900323663 /* alternovaCoreDataTestUITestsLaunchTests.swift in Sources */ = {isa = PBXBuildFile; fileRef = 8840E8FB2BD9A8D900323663 /* alternovaCoreDataTestUITestsLaunchTests.swift */; };
		8840E90B2BD9B43E00323663 /* MedicamentosViewModel.swift in Sources */ = {isa = PBXBuildFile; fileRef = 8840E90A2BD9B43E00323663 /* MedicamentosViewModel.swift */; };
		8840E90D2BD9B77900323663 /* Home.swift in Sources */ = {isa = PBXBuildFile; fileRef = 8840E90C2BD9B77900323663 /* Home.swift */; };
		8840E90F2BD9B7A200323663 /* addView.swift in Sources */ = {isa = PBXBuildFile; fileRef = 8840E90E2BD9B7A200323663 /* addView.swift */; };
/* End PBXBuildFile section */

/* Begin PBXContainerItemProxy section */
		8840E8EC2BD9A8D900323663 /* PBXContainerItemProxy */ = {
			isa = PBXContainerItemProxy;
			containerPortal = 8840E8CE2BD9A8D600323663 /* Project object */;
			proxyType = 1;
			remoteGlobalIDString = 8840E8D52BD9A8D600323663;
			remoteInfo = alternovaCoreDataTest;
		};
		8840E8F62BD9A8D900323663 /* PBXContainerItemProxy */ = {
			isa = PBXContainerItemProxy;
			containerPortal = 8840E8CE2BD9A8D600323663 /* Project object */;
			proxyType = 1;
			remoteGlobalIDString = 8840E8D52BD9A8D600323663;
			remoteInfo = alternovaCoreDataTest;
		};
/* End PBXContainerItemProxy section */

/* Begin PBXFileReference section */
		8840E8D62BD9A8D600323663 /* alternovaCoreDataTest.app */ = {isa = PBXFileReference; explicitFileType = wrapper.application; includeInIndex = 0; path = alternovaCoreDataTest.app; sourceTree = BUILT_PRODUCTS_DIR; };
		8840E8D92BD9A8D600323663 /* alternovaCoreDataTestApp.swift */ = {isa = PBXFileReference; lastKnownFileType = sourcecode.swift; path = alternovaCoreDataTestApp.swift; sourceTree = "<group>"; };
		8840E8DB2BD9A8D600323663 /* ContentView.swift */ = {isa = PBXFileReference; lastKnownFileType = sourcecode.swift; path = ContentView.swift; sourceTree = "<group>"; };
		8840E8DD2BD9A8D800323663 /* Assets.xcassets */ = {isa = PBXFileReference; lastKnownFileType = folder.assetcatalog; path = Assets.xcassets; sourceTree = "<group>"; };
		8840E8E02BD9A8D800323663 /* Preview Assets.xcassets */ = {isa = PBXFileReference; lastKnownFileType = folder.assetcatalog; path = "Preview Assets.xcassets"; sourceTree = "<group>"; };
		8840E8E22BD9A8D800323663 /* Persistence.swift */ = {isa = PBXFileReference; lastKnownFileType = sourcecode.swift; path = Persistence.swift; sourceTree = "<group>"; };
		8840E8E52BD9A8D800323663 /* alternovaCoreDataTest.xcdatamodel */ = {isa = PBXFileReference; lastKnownFileType = wrapper.xcdatamodel; path = alternovaCoreDataTest.xcdatamodel; sourceTree = "<group>"; };
		8840E8EB2BD9A8D900323663 /* alternovaCoreDataTestTests.xctest */ = {isa = PBXFileReference; explicitFileType = wrapper.cfbundle; includeInIndex = 0; path = alternovaCoreDataTestTests.xctest; sourceTree = BUILT_PRODUCTS_DIR; };
		8840E8EF2BD9A8D900323663 /* alternovaCoreDataTestTests.swift */ = {isa = PBXFileReference; lastKnownFileType = sourcecode.swift; path = alternovaCoreDataTestTests.swift; sourceTree = "<group>"; };
		8840E8F52BD9A8D900323663 /* alternovaCoreDataTestUITests.xctest */ = {isa = PBXFileReference; explicitFileType = wrapper.cfbundle; includeInIndex = 0; path = alternovaCoreDataTestUITests.xctest; sourceTree = BUILT_PRODUCTS_DIR; };
		8840E8F92BD9A8D900323663 /* alternovaCoreDataTestUITests.swift */ = {isa = PBXFileReference; lastKnownFileType = sourcecode.swift; path = alternovaCoreDataTestUITests.swift; sourceTree = "<group>"; };
		8840E8FB2BD9A8D900323663 /* alternovaCoreDataTestUITestsLaunchTests.swift */ = {isa = PBXFileReference; lastKnownFileType = sourcecode.swift; path = alternovaCoreDataTestUITestsLaunchTests.swift; sourceTree = "<group>"; };
		8840E90A2BD9B43E00323663 /* MedicamentosViewModel.swift */ = {isa = PBXFileReference; lastKnownFileType = sourcecode.swift; path = MedicamentosViewModel.swift; sourceTree = "<group>"; };
		8840E90C2BD9B77900323663 /* Home.swift */ = {isa = PBXFileReference; lastKnownFileType = sourcecode.swift; path = Home.swift; sourceTree = "<group>"; };
		8840E90E2BD9B7A200323663 /* addView.swift */ = {isa = PBXFileReference; lastKnownFileType = sourcecode.swift; path = addView.swift; sourceTree = "<group>"; };
/* End PBXFileReference section */

/* Begin PBXFrameworksBuildPhase section */
		8840E8D32BD9A8D600323663 /* Frameworks */ = {
			isa = PBXFrameworksBuildPhase;
			buildActionMask = 2147483647;
			files = (
			);
			runOnlyForDeploymentPostprocessing = 0;
		};
		8840E8E82BD9A8D900323663 /* Frameworks */ = {
			isa = PBXFrameworksBuildPhase;
			buildActionMask = 2147483647;
			files = (
			);
			runOnlyForDeploymentPostprocessing = 0;
		};
		8840E8F22BD9A8D900323663 /* Frameworks */ = {
			isa = PBXFrameworksBuildPhase;
			buildActionMask = 2147483647;
			files = (
			);
			runOnlyForDeploymentPostprocessing = 0;
		};
/* End PBXFrameworksBuildPhase section */

/* Begin PBXGroup section */
		8840E8CD2BD9A8D600323663 = {
			isa = PBXGroup;
			children = (
				8840E8D82BD9A8D600323663 /* alternovaCoreDataTest */,
				8840E8EE2BD9A8D900323663 /* alternovaCoreDataTestTests */,
				8840E8F82BD9A8D900323663 /* alternovaCoreDataTestUITests */,
				8840E8D72BD9A8D600323663 /* Products */,
			);
			sourceTree = "<group>";
		};
		8840E8D72BD9A8D600323663 /* Products */ = {
			isa = PBXGroup;
			children = (
				8840E8D62BD9A8D600323663 /* alternovaCoreDataTest.app */,
				8840E8EB2BD9A8D900323663 /* alternovaCoreDataTestTests.xctest */,
				8840E8F52BD9A8D900323663 /* alternovaCoreDataTestUITests.xctest */,
			);
			name = Products;
			sourceTree = "<group>";
		};
		8840E8D82BD9A8D600323663 /* alternovaCoreDataTest */ = {
			isa = PBXGroup;
			children = (
				8840E9092BD9AE6C00323663 /* View */,
				8840E9082BD9AE5F00323663 /* ViewModel */,
				8840E8D92BD9A8D600323663 /* alternovaCoreDataTestApp.swift */,
				8840E8DB2BD9A8D600323663 /* ContentView.swift */,
				8840E8DD2BD9A8D800323663 /* Assets.xcassets */,
				8840E8E22BD9A8D800323663 /* Persistence.swift */,
				8840E8E42BD9A8D800323663 /* alternovaCoreDataTest.xcdatamodeld */,
				8840E8DF2BD9A8D800323663 /* Preview Content */,
			);
			path = alternovaCoreDataTest;
			sourceTree = "<group>";
		};
		8840E8DF2BD9A8D800323663 /* Preview Content */ = {
			isa = PBXGroup;
			children = (
				8840E8E02BD9A8D800323663 /* Preview Assets.xcassets */,
			);
			path = "Preview Content";
			sourceTree = "<group>";
		};
		8840E8EE2BD9A8D900323663 /* alternovaCoreDataTestTests */ = {
			isa = PBXGroup;
			children = (
				8840E8EF2BD9A8D900323663 /* alternovaCoreDataTestTests.swift */,
			);
			path = alternovaCoreDataTestTests;
			sourceTree = "<group>";
		};
		8840E8F82BD9A8D900323663 /* alternovaCoreDataTestUITests */ = {
			isa = PBXGroup;
			children = (
				8840E8F92BD9A8D900323663 /* alternovaCoreDataTestUITests.swift */,
				8840E8FB2BD9A8D900323663 /* alternovaCoreDataTestUITestsLaunchTests.swift */,
			);
			path = alternovaCoreDataTestUITests;
			sourceTree = "<group>";
		};
		8840E9082BD9AE5F00323663 /* ViewModel */ = {
			isa = PBXGroup;
			children = (
				8840E90A2BD9B43E00323663 /* MedicamentosViewModel.swift */,
			);
			path = ViewModel;
			sourceTree = "<group>";
		};
		8840E9092BD9AE6C00323663 /* View */ = {
			isa = PBXGroup;
			children = (
				8840E90C2BD9B77900323663 /* Home.swift */,
				8840E90E2BD9B7A200323663 /* addView.swift */,
			);
			path = View;
			sourceTree = "<group>";
		};
/* End PBXGroup section */

/* Begin PBXNativeTarget section */
		8840E8D52BD9A8D600323663 /* alternovaCoreDataTest */ = {
			isa = PBXNativeTarget;
			buildConfigurationList = 8840E8FF2BD9A8D900323663 /* Build configuration list for PBXNativeTarget "alternovaCoreDataTest" */;
			buildPhases = (
				8840E8D22BD9A8D600323663 /* Sources */,
				8840E8D32BD9A8D600323663 /* Frameworks */,
				8840E8D42BD9A8D600323663 /* Resources */,
			);
			buildRules = (
			);
			dependencies = (
			);
			name = alternovaCoreDataTest;
			productName = alternovaCoreDataTest;
			productReference = 8840E8D62BD9A8D600323663 /* alternovaCoreDataTest.app */;
			productType = "com.apple.product-type.application";
		};
		8840E8EA2BD9A8D900323663 /* alternovaCoreDataTestTests */ = {
			isa = PBXNativeTarget;
			buildConfigurationList = 8840E9022BD9A8D900323663 /* Build configuration list for PBXNativeTarget "alternovaCoreDataTestTests" */;
			buildPhases = (
				8840E8E72BD9A8D900323663 /* Sources */,
				8840E8E82BD9A8D900323663 /* Frameworks */,
				8840E8E92BD9A8D900323663 /* Resources */,
			);
			buildRules = (
			);
			dependencies = (
				8840E8ED2BD9A8D900323663 /* PBXTargetDependency */,
			);
			name = alternovaCoreDataTestTests;
			productName = alternovaCoreDataTestTests;
			productReference = 8840E8EB2BD9A8D900323663 /* alternovaCoreDataTestTests.xctest */;
			productType = "com.apple.product-type.bundle.unit-test";
		};
		8840E8F42BD9A8D900323663 /* alternovaCoreDataTestUITests */ = {
			isa = PBXNativeTarget;
			buildConfigurationList = 8840E9052BD9A8D900323663 /* Build configuration list for PBXNativeTarget "alternovaCoreDataTestUITests" */;
			buildPhases = (
				8840E8F12BD9A8D900323663 /* Sources */,
				8840E8F22BD9A8D900323663 /* Frameworks */,
				8840E8F32BD9A8D900323663 /* Resources */,
			);
			buildRules = (
			);
			dependencies = (
				8840E8F72BD9A8D900323663 /* PBXTargetDependency */,
			);
			name = alternovaCoreDataTestUITests;
			productName = alternovaCoreDataTestUITests;
			productReference = 8840E8F52BD9A8D900323663 /* alternovaCoreDataTestUITests.xctest */;
			productType = "com.apple.product-type.bundle.ui-testing";
		};
/* End PBXNativeTarget section */

/* Begin PBXProject section */
		8840E8CE2BD9A8D600323663 /* Project object */ = {
			isa = PBXProject;
			attributes = {
				BuildIndependentTargetsInParallel = 1;
				LastSwiftUpdateCheck = 1520;
				LastUpgradeCheck = 1520;
				TargetAttributes = {
					8840E8D52BD9A8D600323663 = {
						CreatedOnToolsVersion = 15.2;
					};
					8840E8EA2BD9A8D900323663 = {
						CreatedOnToolsVersion = 15.2;
						TestTargetID = 8840E8D52BD9A8D600323663;
					};
					8840E8F42BD9A8D900323663 = {
						CreatedOnToolsVersion = 15.2;
						TestTargetID = 8840E8D52BD9A8D600323663;
					};
				};
			};
			buildConfigurationList = 8840E8D12BD9A8D600323663 /* Build configuration list for PBXProject "alternovaCoreDataTest" */;
			compatibilityVersion = "Xcode 14.0";
			developmentRegion = en;
			hasScannedForEncodings = 0;
			knownRegions = (
				en,
				Base,
			);
			mainGroup = 8840E8CD2BD9A8D600323663;
			productRefGroup = 8840E8D72BD9A8D600323663 /* Products */;
			projectDirPath = "";
			projectRoot = "";
			targets = (
				8840E8D52BD9A8D600323663 /* alternovaCoreDataTest */,
				8840E8EA2BD9A8D900323663 /* alternovaCoreDataTestTests */,
				8840E8F42BD9A8D900323663 /* alternovaCoreDataTestUITests */,
			);
		};
/* End PBXProject section */

/* Begin PBXResourcesBuildPhase section */
		8840E8D42BD9A8D600323663 /* Resources */ = {
			isa = PBXResourcesBuildPhase;
			buildActionMask = 2147483647;
			files = (
				8840E8E12BD9A8D800323663 /* Preview Assets.xcassets in Resources */,
				8840E8DE2BD9A8D800323663 /* Assets.xcassets in Resources */,
			);
			runOnlyForDeploymentPostprocessing = 0;
		};
		8840E8E92BD9A8D900323663 /* Resources */ = {
			isa = PBXResourcesBuildPhase;
			buildActionMask = 2147483647;
			files = (
			);
			runOnlyForDeploymentPostprocessing = 0;
		};
		8840E8F32BD9A8D900323663 /* Resources */ = {
			isa = PBXResourcesBuildPhase;
			buildActionMask = 2147483647;
			files = (
			);
			runOnlyForDeploymentPostprocessing = 0;
		};
/* End PBXResourcesBuildPhase section */

/* Begin PBXSourcesBuildPhase section */
		8840E8D22BD9A8D600323663 /* Sources */ = {
			isa = PBXSourcesBuildPhase;
			buildActionMask = 2147483647;
			files = (
				8840E8E32BD9A8D800323663 /* Persistence.swift in Sources */,
				8840E90B2BD9B43E00323663 /* MedicamentosViewModel.swift in Sources */,
				8840E8E62BD9A8D800323663 /* alternovaCoreDataTest.xcdatamodeld in Sources */,
				8840E8DC2BD9A8D600323663 /* ContentView.swift in Sources */,
				8840E90D2BD9B77900323663 /* Home.swift in Sources */,
				8840E8DA2BD9A8D600323663 /* alternovaCoreDataTestApp.swift in Sources */,
				8840E90F2BD9B7A200323663 /* addView.swift in Sources */,
			);
			runOnlyForDeploymentPostprocessing = 0;
		};
		8840E8E72BD9A8D900323663 /* Sources */ = {
			isa = PBXSourcesBuildPhase;
			buildActionMask = 2147483647;
			files = (
				8840E8F02BD9A8D900323663 /* alternovaCoreDataTestTests.swift in Sources */,
			);
			runOnlyForDeploymentPostprocessing = 0;
		};
		8840E8F12BD9A8D900323663 /* Sources */ = {
			isa = PBXSourcesBuildPhase;
			buildActionMask = 2147483647;
			files = (
				8840E8FC2BD9A8D900323663 /* alternovaCoreDataTestUITestsLaunchTests.swift in Sources */,
				8840E8FA2BD9A8D900323663 /* alternovaCoreDataTestUITests.swift in Sources */,
			);
			runOnlyForDeploymentPostprocessing = 0;
		};
/* End PBXSourcesBuildPhase section */

/* Begin PBXTargetDependency section */
		8840E8ED2BD9A8D900323663 /* PBXTargetDependency */ = {
			isa = PBXTargetDependency;
			target = 8840E8D52BD9A8D600323663 /* alternovaCoreDataTest */;
			targetProxy = 8840E8EC2BD9A8D900323663 /* PBXContainerItemProxy */;
		};
		8840E8F72BD9A8D900323663 /* PBXTargetDependency */ = {
			isa = PBXTargetDependency;
			target = 8840E8D52BD9A8D600323663 /* alternovaCoreDataTest */;
			targetProxy = 8840E8F62BD9A8D900323663 /* PBXContainerItemProxy */;
		};
/* End PBXTargetDependency section */

/* Begin XCBuildConfiguration section */
		8840E8FD2BD9A8D900323663 /* Debug */ = {
			isa = XCBuildConfiguration;
			buildSettings = {
				ALWAYS_SEARCH_USER_PATHS = NO;
				ASSETCATALOG_COMPILER_GENERATE_SWIFT_ASSET_SYMBOL_EXTENSIONS = YES;
				CLANG_ANALYZER_NONNULL = YES;
				CLANG_ANALYZER_NUMBER_OBJECT_CONVERSION = YES_AGGRESSIVE;
				CLANG_CXX_LANGUAGE_STANDARD = "gnu++20";
				CLANG_ENABLE_MODULES = YES;
				CLANG_ENABLE_OBJC_ARC = YES;
				CLANG_ENABLE_OBJC_WEAK = YES;
				CLANG_WARN_BLOCK_CAPTURE_AUTORELEASING = YES;
				CLANG_WARN_BOOL_CONVERSION = YES;
				CLANG_WARN_COMMA = YES;
				CLANG_WARN_CONSTANT_CONVERSION = YES;
				CLANG_WARN_DEPRECATED_OBJC_IMPLEMENTATIONS = YES;
				CLANG_WARN_DIRECT_OBJC_ISA_USAGE = YES_ERROR;
				CLANG_WARN_DOCUMENTATION_COMMENTS = YES;
				CLANG_WARN_EMPTY_BODY = YES;
				CLANG_WARN_ENUM_CONVERSION = YES;
				CLANG_WARN_INFINITE_RECURSION = YES;
				CLANG_WARN_INT_CONVERSION = YES;
				CLANG_WARN_NON_LITERAL_NULL_CONVERSION = YES;
				CLANG_WARN_OBJC_IMPLICIT_RETAIN_SELF = YES;
				CLANG_WARN_OBJC_LITERAL_CONVERSION = YES;
				CLANG_WARN_OBJC_ROOT_CLASS = YES_ERROR;
				CLANG_WARN_QUOTED_INCLUDE_IN_FRAMEWORK_HEADER = YES;
				CLANG_WARN_RANGE_LOOP_ANALYSIS = YES;
				CLANG_WARN_STRICT_PROTOTYPES = YES;
				CLANG_WARN_SUSPICIOUS_MOVE = YES;
				CLANG_WARN_UNGUARDED_AVAILABILITY = YES_AGGRESSIVE;
				CLANG_WARN_UNREACHABLE_CODE = YES;
				CLANG_WARN__DUPLICATE_METHOD_MATCH = YES;
				COPY_PHASE_STRIP = NO;
				DEBUG_INFORMATION_FORMAT = dwarf;
				ENABLE_STRICT_OBJC_MSGSEND = YES;
				ENABLE_TESTABILITY = YES;
				ENABLE_USER_SCRIPT_SANDBOXING = YES;
				GCC_C_LANGUAGE_STANDARD = gnu17;
				GCC_DYNAMIC_NO_PIC = NO;
				GCC_NO_COMMON_BLOCKS = YES;
				GCC_OPTIMIZATION_LEVEL = 0;
				GCC_PREPROCESSOR_DEFINITIONS = (
					"DEBUG=1",
					"$(inherited)",
				);
				GCC_WARN_64_TO_32_BIT_CONVERSION = YES;
				GCC_WARN_ABOUT_RETURN_TYPE = YES_ERROR;
				GCC_WARN_UNDECLARED_SELECTOR = YES;
				GCC_WARN_UNINITIALIZED_AUTOS = YES_AGGRESSIVE;
				GCC_WARN_UNUSED_FUNCTION = YES;
				GCC_WARN_UNUSED_VARIABLE = YES;
				IPHONEOS_DEPLOYMENT_TARGET = 17.2;
				LOCALIZATION_PREFERS_STRING_CATALOGS = YES;
				MTL_ENABLE_DEBUG_INFO = INCLUDE_SOURCE;
				MTL_FAST_MATH = YES;
				ONLY_ACTIVE_ARCH = YES;
				SDKROOT = iphoneos;
				SWIFT_ACTIVE_COMPILATION_CONDITIONS = "DEBUG $(inherited)";
				SWIFT_OPTIMIZATION_LEVEL = "-Onone";
			};
			name = Debug;
		};
		8840E8FE2BD9A8D900323663 /* Release */ = {
			isa = XCBuildConfiguration;
			buildSettings = {
				ALWAYS_SEARCH_USER_PATHS = NO;
				ASSETCATALOG_COMPILER_GENERATE_SWIFT_ASSET_SYMBOL_EXTENSIONS = YES;
				CLANG_ANALYZER_NONNULL = YES;
				CLANG_ANALYZER_NUMBER_OBJECT_CONVERSION = YES_AGGRESSIVE;
				CLANG_CXX_LANGUAGE_STANDARD = "gnu++20";
				CLANG_ENABLE_MODULES = YES;
				CLANG_ENABLE_OBJC_ARC = YES;
				CLANG_ENABLE_OBJC_WEAK = YES;
				CLANG_WARN_BLOCK_CAPTURE_AUTORELEASING = YES;
				CLANG_WARN_BOOL_CONVERSION = YES;
				CLANG_WARN_COMMA = YES;
				CLANG_WARN_CONSTANT_CONVERSION = YES;
				CLANG_WARN_DEPRECATED_OBJC_IMPLEMENTATIONS = YES;
				CLANG_WARN_DIRECT_OBJC_ISA_USAGE = YES_ERROR;
				CLANG_WARN_DOCUMENTATION_COMMENTS = YES;
				CLANG_WARN_EMPTY_BODY = YES;
				CLANG_WARN_ENUM_CONVERSION = YES;
				CLANG_WARN_INFINITE_RECURSION = YES;
				CLANG_WARN_INT_CONVERSION = YES;
				CLANG_WARN_NON_LITERAL_NULL_CONVERSION = YES;
				CLANG_WARN_OBJC_IMPLICIT_RETAIN_SELF = YES;
				CLANG_WARN_OBJC_LITERAL_CONVERSION = YES;
				CLANG_WARN_OBJC_ROOT_CLASS = YES_ERROR;
				CLANG_WARN_QUOTED_INCLUDE_IN_FRAMEWORK_HEADER = YES;
				CLANG_WARN_RANGE_LOOP_ANALYSIS = YES;
				CLANG_WARN_STRICT_PROTOTYPES = YES;
				CLANG_WARN_SUSPICIOUS_MOVE = YES;
				CLANG_WARN_UNGUARDED_AVAILABILITY = YES_AGGRESSIVE;
				CLANG_WARN_UNREACHABLE_CODE = YES;
				CLANG_WARN__DUPLICATE_METHOD_MATCH = YES;
				COPY_PHASE_STRIP = NO;
				DEBUG_INFORMATION_FORMAT = "dwarf-with-dsym";
				ENABLE_NS_ASSERTIONS = NO;
				ENABLE_STRICT_OBJC_MSGSEND = YES;
				ENABLE_USER_SCRIPT_SANDBOXING = YES;
				GCC_C_LANGUAGE_STANDARD = gnu17;
				GCC_NO_COMMON_BLOCKS = YES;
				GCC_WARN_64_TO_32_BIT_CONVERSION = YES;
				GCC_WARN_ABOUT_RETURN_TYPE = YES_ERROR;
				GCC_WARN_UNDECLARED_SELECTOR = YES;
				GCC_WARN_UNINITIALIZED_AUTOS = YES_AGGRESSIVE;
				GCC_WARN_UNUSED_FUNCTION = YES;
				GCC_WARN_UNUSED_VARIABLE = YES;
				IPHONEOS_DEPLOYMENT_TARGET = 17.2;
				LOCALIZATION_PREFERS_STRING_CATALOGS = YES;
				MTL_ENABLE_DEBUG_INFO = NO;
				MTL_FAST_MATH = YES;
				SDKROOT = iphoneos;
				SWIFT_COMPILATION_MODE = wholemodule;
				VALIDATE_PRODUCT = YES;
			};
			name = Release;
		};
		8840E9002BD9A8D900323663 /* Debug */ = {
			isa = XCBuildConfiguration;
			buildSettings = {
				ASSETCATALOG_COMPILER_APPICON_NAME = AppIcon;
				ASSETCATALOG_COMPILER_GLOBAL_ACCENT_COLOR_NAME = AccentColor;
				CODE_SIGN_STYLE = Automatic;
				CURRENT_PROJECT_VERSION = 1;
				DEVELOPMENT_ASSET_PATHS = "\"alternovaCoreDataTest/Preview Content\"";
				ENABLE_PREVIEWS = YES;
				GENERATE_INFOPLIST_FILE = YES;
				INFOPLIST_KEY_UIApplicationSceneManifest_Generation = YES;
				INFOPLIST_KEY_UIApplicationSupportsIndirectInputEvents = YES;
				INFOPLIST_KEY_UILaunchScreen_Generation = YES;
				INFOPLIST_KEY_UISupportedInterfaceOrientations_iPad = "UIInterfaceOrientationPortrait UIInterfaceOrientationPortraitUpsideDown UIInterfaceOrientationLandscapeLeft UIInterfaceOrientationLandscapeRight";
				INFOPLIST_KEY_UISupportedInterfaceOrientations_iPhone = "UIInterfaceOrientationPortrait UIInterfaceOrientationLandscapeLeft UIInterfaceOrientationLandscapeRight";
				LD_RUNPATH_SEARCH_PATHS = (
					"$(inherited)",
					"@executable_path/Frameworks",
				);
				MARKETING_VERSION = 1.0;
				PRODUCT_BUNDLE_IDENTIFIER = test.alternovaCoreDataTest;
				PRODUCT_NAME = "$(TARGET_NAME)";
				SWIFT_EMIT_LOC_STRINGS = YES;
				SWIFT_VERSION = 5.0;
				TARGETED_DEVICE_FAMILY = "1,2";
			};
			name = Debug;
		};
		8840E9012BD9A8D900323663 /* Release */ = {
			isa = XCBuildConfiguration;
			buildSettings = {
				ASSETCATALOG_COMPILER_APPICON_NAME = AppIcon;
				ASSETCATALOG_COMPILER_GLOBAL_ACCENT_COLOR_NAME = AccentColor;
				CODE_SIGN_STYLE = Automatic;
				CURRENT_PROJECT_VERSION = 1;
				DEVELOPMENT_ASSET_PATHS = "\"alternovaCoreDataTest/Preview Content\"";
				ENABLE_PREVIEWS = YES;
				GENERATE_INFOPLIST_FILE = YES;
				INFOPLIST_KEY_UIApplicationSceneManifest_Generation = YES;
				INFOPLIST_KEY_UIApplicationSupportsIndirectInputEvents = YES;
				INFOPLIST_KEY_UILaunchScreen_Generation = YES;
				INFOPLIST_KEY_UISupportedInterfaceOrientations_iPad = "UIInterfaceOrientationPortrait UIInterfaceOrientationPortraitUpsideDown UIInterfaceOrientationLandscapeLeft UIInterfaceOrientationLandscapeRight";
				INFOPLIST_KEY_UISupportedInterfaceOrientations_iPhone = "UIInterfaceOrientationPortrait UIInterfaceOrientationLandscapeLeft UIInterfaceOrientationLandscapeRight";
				LD_RUNPATH_SEARCH_PATHS = (
					"$(inherited)",
					"@executable_path/Frameworks",
				);
				MARKETING_VERSION = 1.0;
				PRODUCT_BUNDLE_IDENTIFIER = test.alternovaCoreDataTest;
				PRODUCT_NAME = "$(TARGET_NAME)";
				SWIFT_EMIT_LOC_STRINGS = YES;
				SWIFT_VERSION = 5.0;
				TARGETED_DEVICE_FAMILY = "1,2";
			};
			name = Release;
		};
		8840E9032BD9A8D900323663 /* Debug */ = {
			isa = XCBuildConfiguration;
			buildSettings = {
				ALWAYS_EMBED_SWIFT_STANDARD_LIBRARIES = YES;
				BUNDLE_LOADER = "$(TEST_HOST)";
				CODE_SIGN_STYLE = Automatic;
				CURRENT_PROJECT_VERSION = 1;
				GENERATE_INFOPLIST_FILE = YES;
				IPHONEOS_DEPLOYMENT_TARGET = 17.2;
				MARKETING_VERSION = 1.0;
				PRODUCT_BUNDLE_IDENTIFIER = test.alternovaCoreDataTestTests;
				PRODUCT_NAME = "$(TARGET_NAME)";
				SWIFT_EMIT_LOC_STRINGS = NO;
				SWIFT_VERSION = 5.0;
				TARGETED_DEVICE_FAMILY = "1,2";
				TEST_HOST = "$(BUILT_PRODUCTS_DIR)/alternovaCoreDataTest.app/$(BUNDLE_EXECUTABLE_FOLDER_PATH)/alternovaCoreDataTest";
			};
			name = Debug;
		};
		8840E9042BD9A8D900323663 /* Release */ = {
			isa = XCBuildConfiguration;
			buildSettings = {
				ALWAYS_EMBED_SWIFT_STANDARD_LIBRARIES = YES;
				BUNDLE_LOADER = "$(TEST_HOST)";
				CODE_SIGN_STYLE = Automatic;
				CURRENT_PROJECT_VERSION = 1;
				GENERATE_INFOPLIST_FILE = YES;
				IPHONEOS_DEPLOYMENT_TARGET = 17.2;
				MARKETING_VERSION = 1.0;
				PRODUCT_BUNDLE_IDENTIFIER = test.alternovaCoreDataTestTests;
				PRODUCT_NAME = "$(TARGET_NAME)";
				SWIFT_EMIT_LOC_STRINGS = NO;
				SWIFT_VERSION = 5.0;
				TARGETED_DEVICE_FAMILY = "1,2";
				TEST_HOST = "$(BUILT_PRODUCTS_DIR)/alternovaCoreDataTest.app/$(BUNDLE_EXECUTABLE_FOLDER_PATH)/alternovaCoreDataTest";
			};
			name = Release;
		};
		8840E9062BD9A8D900323663 /* Debug */ = {
			isa = XCBuildConfiguration;
			buildSettings = {
				ALWAYS_EMBED_SWIFT_STANDARD_LIBRARIES = YES;
				CODE_SIGN_STYLE = Automatic;
				CURRENT_PROJECT_VERSION = 1;
				GENERATE_INFOPLIST_FILE = YES;
				MARKETING_VERSION = 1.0;
				PRODUCT_BUNDLE_IDENTIFIER = test.alternovaCoreDataTestUITests;
				PRODUCT_NAME = "$(TARGET_NAME)";
				SWIFT_EMIT_LOC_STRINGS = NO;
				SWIFT_VERSION = 5.0;
				TARGETED_DEVICE_FAMILY = "1,2";
				TEST_TARGET_NAME = alternovaCoreDataTest;
			};
			name = Debug;
		};
		8840E9072BD9A8D900323663 /* Release */ = {
			isa = XCBuildConfiguration;
			buildSettings = {
				ALWAYS_EMBED_SWIFT_STANDARD_LIBRARIES = YES;
				CODE_SIGN_STYLE = Automatic;
				CURRENT_PROJECT_VERSION = 1;
				GENERATE_INFOPLIST_FILE = YES;
				MARKETING_VERSION = 1.0;
				PRODUCT_BUNDLE_IDENTIFIER = test.alternovaCoreDataTestUITests;
				PRODUCT_NAME = "$(TARGET_NAME)";
				SWIFT_EMIT_LOC_STRINGS = NO;
				SWIFT_VERSION = 5.0;
				TARGETED_DEVICE_FAMILY = "1,2";
				TEST_TARGET_NAME = alternovaCoreDataTest;
			};
			name = Release;
		};
/* End XCBuildConfiguration section */

/* Begin XCConfigurationList section */
		8840E8D12BD9A8D600323663 /* Build configuration list for PBXProject "alternovaCoreDataTest" */ = {
			isa = XCConfigurationList;
			buildConfigurations = (
				8840E8FD2BD9A8D900323663 /* Debug */,
				8840E8FE2BD9A8D900323663 /* Release */,
			);
			defaultConfigurationIsVisible = 0;
			defaultConfigurationName = Release;
		};
		8840E8FF2BD9A8D900323663 /* Build configuration list for PBXNativeTarget "alternovaCoreDataTest" */ = {
			isa = XCConfigurationList;
			buildConfigurations = (
				8840E9002BD9A8D900323663 /* Debug */,
				8840E9012BD9A8D900323663 /* Release */,
			);
			defaultConfigurationIsVisible = 0;
			defaultConfigurationName = Release;
		};
		8840E9022BD9A8D900323663 /* Build configuration list for PBXNativeTarget "alternovaCoreDataTestTests" */ = {
			isa = XCConfigurationList;
			buildConfigurations = (
				8840E9032BD9A8D900323663 /* Debug */,
				8840E9042BD9A8D900323663 /* Release */,
			);
			defaultConfigurationIsVisible = 0;
			defaultConfigurationName = Release;
		};
		8840E9052BD9A8D900323663 /* Build configuration list for PBXNativeTarget "alternovaCoreDataTestUITests" */ = {
			isa = XCConfigurationList;
			buildConfigurations = (
				8840E9062BD9A8D900323663 /* Debug */,
				8840E9072BD9A8D900323663 /* Release */,
			);
			defaultConfigurationIsVisible = 0;
			defaultConfigurationName = Release;
		};
/* End XCConfigurationList section */

/* Begin XCVersionGroup section */
		8840E8E42BD9A8D800323663 /* alternovaCoreDataTest.xcdatamodeld */ = {
			isa = XCVersionGroup;
			children = (
				8840E8E52BD9A8D800323663 /* alternovaCoreDataTest.xcdatamodel */,
			);
			currentVersion = 8840E8E52BD9A8D800323663 /* alternovaCoreDataTest.xcdatamodel */;
			path = alternovaCoreDataTest.xcdatamodeld;
			sourceTree = "<group>";
			versionGroupType = wrapper.xcdatamodel;
		};
/* End XCVersionGroup section */
	};
	rootObject = 8840E8CE2BD9A8D600323663 /* Project object */;
}
